// !$*UTF8*$!
{
	archiveVersion = 1;
	classes = {
	};
	objectVersion = 50;
	objects = {

/* Begin PBXBuildFile section */
		1220669225A758D80096CAF4 /* AppDelegate.swift in Sources */ = {isa = PBXBuildFile; fileRef = 1220669125A758D80096CAF4 /* AppDelegate.swift */; };
		1220669425A758D80096CAF4 /* SceneDelegate.swift in Sources */ = {isa = PBXBuildFile; fileRef = 1220669325A758D80096CAF4 /* SceneDelegate.swift */; };
		1220669625A758D80096CAF4 /* ViewController.swift in Sources */ = {isa = PBXBuildFile; fileRef = 1220669525A758D80096CAF4 /* ViewController.swift */; };
		1220669925A758D80096CAF4 /* Main.storyboard in Resources */ = {isa = PBXBuildFile; fileRef = 1220669725A758D80096CAF4 /* Main.storyboard */; };
		1220669C25A758D90096CAF4 /* CAReplicatorLayerDemo.xcdatamodeld in Sources */ = {isa = PBXBuildFile; fileRef = 1220669A25A758D90096CAF4 /* CAReplicatorLayerDemo.xcdatamodeld */; };
		1220669E25A758DB0096CAF4 /* Assets.xcassets in Resources */ = {isa = PBXBuildFile; fileRef = 1220669D25A758DB0096CAF4 /* Assets.xcassets */; };
		122066A125A758DB0096CAF4 /* LaunchScreen.storyboard in Resources */ = {isa = PBXBuildFile; fileRef = 1220669F25A758DB0096CAF4 /* LaunchScreen.storyboard */; };
/* End PBXBuildFile section */

/* Begin PBXFileReference section */
		1220668E25A758D80096CAF4 /* CAReplicatorLayerDemo.app */ = {isa = PBXFileReference; explicitFileType = wrapper.application; includeInIndex = 0; path = CAReplicatorLayerDemo.app; sourceTree = BUILT_PRODUCTS_DIR; };
		1220669125A758D80096CAF4 /* AppDelegate.swift */ = {isa = PBXFileReference; lastKnownFileType = sourcecode.swift; path = AppDelegate.swift; sourceTree = "<group>"; };
		1220669325A758D80096CAF4 /* SceneDelegate.swift */ = {isa = PBXFileReference; lastKnownFileType = sourcecode.swift; path = SceneDelegate.swift; sourceTree = "<group>"; };
		1220669525A758D80096CAF4 /* ViewController.swift */ = {isa = PBXFileReference; lastKnownFileType = sourcecode.swift; path = ViewController.swift; sourceTree = "<group>"; };
		1220669825A758D80096CAF4 /* Base */ = {isa = PBXFileReference; lastKnownFileType = file.storyboard; name = Base; path = Base.lproj/Main.storyboard; sourceTree = "<group>"; };
		1220669B25A758D90096CAF4 /* CAReplicatorLayerDemo.xcdatamodel */ = {isa = PBXFileReference; lastKnownFileType = wrapper.xcdatamodel; path = CAReplicatorLayerDemo.xcdatamodel; sourceTree = "<group>"; };
		1220669D25A758DB0096CAF4 /* Assets.xcassets */ = {isa = PBXFileReference; lastKnownFileType = folder.assetcatalog; path = Assets.xcassets; sourceTree = "<group>"; };
		122066A025A758DB0096CAF4 /* Base */ = {isa = PBXFileReference; lastKnownFileType = file.storyboard; name = Base; path = Base.lproj/LaunchScreen.storyboard; sourceTree = "<group>"; };
		122066A225A758DB0096CAF4 /* Info.plist */ = {isa = PBXFileReference; lastKnownFileType = text.plist.xml; path = Info.plist; sourceTree = "<group>"; };
/* End PBXFileReference section */

/* Begin PBXFrameworksBuildPhase section */
		1220668B25A758D80096CAF4 /* Frameworks */ = {
			isa = PBXFrameworksBuildPhase;
			buildActionMask = 2147483647;
			files = (
			);
			runOnlyForDeploymentPostprocessing = 0;
		};
/* End PBXFrameworksBuildPhase section */

/* Begin PBXGroup section */
		1220668525A758D80096CAF4 = {
			isa = PBXGroup;
			children = (
				1220669025A758D80096CAF4 /* CAReplicatorLayerDemo */,
				1220668F25A758D80096CAF4 /* Products */,
			);
			sourceTree = "<group>";
		};
		1220668F25A758D80096CAF4 /* Products */ = {
			isa = PBXGroup;
			children = (
				1220668E25A758D80096CAF4 /* CAReplicatorLayerDemo.app */,
			);
			name = Products;
			sourceTree = "<group>";
		};
		1220669025A758D80096CAF4 /* CAReplicatorLayerDemo */ = {
			isa = PBXGroup;
			children = (
				1220669125A758D80096CAF4 /* AppDelegate.swift */,
				1220669325A758D80096CAF4 /* SceneDelegate.swift */,
				1220669525A758D80096CAF4 /* ViewController.swift */,
				1220669725A758D80096CAF4 /* Main.storyboard */,
				1220669D25A758DB0096CAF4 /* Assets.xcassets */,
				1220669F25A758DB0096CAF4 /* LaunchScreen.storyboard */,
				122066A225A758DB0096CAF4 /* Info.plist */,
				1220669A25A758D90096CAF4 /* CAReplicatorLayerDemo.xcdatamodeld */,
			);
			path = CAReplicatorLayerDemo;
			sourceTree = "<group>";
		};
/* End PBXGroup section */

/* Begin PBXNativeTarget section */
		1220668D25A758D80096CAF4 /* CAReplicatorLayerDemo */ = {
			isa = PBXNativeTarget;
			buildConfigurationList = 122066A525A758DB0096CAF4 /* Build configuration list for PBXNativeTarget "CAReplicatorLayerDemo" */;
			buildPhases = (
				1220668A25A758D80096CAF4 /* Sources */,
				1220668B25A758D80096CAF4 /* Frameworks */,
				1220668C25A758D80096CAF4 /* Resources */,
			);
			buildRules = (
			);
			dependencies = (
			);
			name = CAReplicatorLayerDemo;
			productName = CAReplicatorLayerDemo;
			productReference = 1220668E25A758D80096CAF4 /* CAReplicatorLayerDemo.app */;
			productType = "com.apple.product-type.application";
		};
/* End PBXNativeTarget section */

/* Begin PBXProject section */
		1220668625A758D80096CAF4 /* Project object */ = {
			isa = PBXProject;
			attributes = {
				LastSwiftUpdateCheck = 1230;
				LastUpgradeCheck = 1230;
				TargetAttributes = {
					1220668D25A758D80096CAF4 = {
						CreatedOnToolsVersion = 12.3;
					};
				};
			};
			buildConfigurationList = 1220668925A758D80096CAF4 /* Build configuration list for PBXProject "CAReplicatorLayerDemo" */;
			compatibilityVersion = "Xcode 9.3";
			developmentRegion = en;
			hasScannedForEncodings = 0;
			knownRegions = (
				en,
				Base,
			);
			mainGroup = 1220668525A758D80096CAF4;
			productRefGroup = 1220668F25A758D80096CAF4 /* Products */;
			projectDirPath = "";
			projectRoot = "";
			targets = (
				1220668D25A758D80096CAF4 /* CAReplicatorLayerDemo */,
			);
		};
/* End PBXProject section */

/* Begin PBXResourcesBuildPhase section */
		1220668C25A758D80096CAF4 /* Resources */ = {
			isa = PBXResourcesBuildPhase;
			buildActionMask = 2147483647;
			files = (
				122066A125A758DB0096CAF4 /* LaunchScreen.storyboard in Resources */,
				1220669E25A758DB0096CAF4 /* Assets.xcassets in Resources */,
				1220669925A758D80096CAF4 /* Main.storyboard in Resources */,
			);
			runOnlyForDeploymentPostprocessing = 0;
		};
/* End PBXResourcesBuildPhase section */

/* Begin PBXSourcesBuildPhase section */
		1220668A25A758D80096CAF4 /* Sources */ = {
			isa = PBXSourcesBuildPhase;
			buildActionMask = 2147483647;
			files = (
				1220669625A758D80096CAF4 /* ViewController.swift in Sources */,
				1220669C25A758D90096CAF4 /* CAReplicatorLayerDemo.xcdatamodeld in Sources */,
				1220669225A758D80096CAF4 /* AppDelegate.swift in Sources */,
				1220669425A758D80096CAF4 /* SceneDelegate.swift in Sources */,
			);
			runOnlyForDeploymentPostprocessing = 0;
		};
/* End PBXSourcesBuildPhase section */

/* Begin PBXVariantGroup section */
		1220669725A758D80096CAF4 /* Main.storyboard */ = {
			isa = PBXVariantGroup;
			children = (
				1220669825A758D80096CAF4 /* Base */,
			);
			name = Main.storyboard;
			sourceTree = "<group>";
		};
		1220669F25A758DB0096CAF4 /* LaunchScreen.storyboard */ = {
			isa = PBXVariantGroup;
			children = (
				122066A025A758DB0096CAF4 /* Base */,
			);
			name = LaunchScreen.storyboard;
			sourceTree = "<group>";
		};
/* End PBXVariantGroup section */

/* Begin XCBuildConfiguration section */
		122066A325A758DB0096CAF4 /* Debug */ = {
			isa = XCBuildConfiguration;
			buildSettings = {
				ALWAYS_SEARCH_USER_PATHS = NO;
				CLANG_ANALYZER_NONNULL = YES;
				CLANG_ANALYZER_NUMBER_OBJECT_CONVERSION = YES_AGGRESSIVE;
				CLANG_CXX_LANGUAGE_STANDARD = "gnu++14";
				CLANG_CXX_LIBRARY = "libc++";
				CLANG_ENABLE_MODULES = YES;
				CLANG_ENABLE_OBJC_ARC = YES;
				CLANG_ENABLE_OBJC_WEAK = YES;
				CLANG_WARN_BLOCK_CAPTURE_AUTORELEASING = YES;
				CLANG_WARN_BOOL_CONVERSION = YES;
				CLANG_WARN_COMMA = YES;
				CLANG_WARN_CONSTANT_CONVERSION = YES;
				CLANG_WARN_DEPRECATED_OBJC_IMPLEMENTATIONS = YES;
				CLANG_WARN_DIRECT_OBJC_ISA_USAGE = YES_ERROR;
				CLANG_WARN_DOCUMENTATION_COMMENTS = YES;
				CLANG_WARN_EMPTY_BODY = YES;
				CLANG_WARN_ENUM_CONVERSION = YES;
				CLANG_WARN_INFINITE_RECURSION = YES;
				CLANG_WARN_INT_CONVERSION = YES;
				CLANG_WARN_NON_LITERAL_NULL_CONVERSION = YES;
				CLANG_WARN_OBJC_IMPLICIT_RETAIN_SELF = YES;
				CLANG_WARN_OBJC_LITERAL_CONVERSION = YES;
				CLANG_WARN_OBJC_ROOT_CLASS = YES_ERROR;
				CLANG_WARN_QUOTED_INCLUDE_IN_FRAMEWORK_HEADER = YES;
				CLANG_WARN_RANGE_LOOP_ANALYSIS = YES;
				CLANG_WARN_STRICT_PROTOTYPES = YES;
				CLANG_WARN_SUSPICIOUS_MOVE = YES;
				CLANG_WARN_UNGUARDED_AVAILABILITY = YES_AGGRESSIVE;
				CLANG_WARN_UNREACHABLE_CODE = YES;
				CLANG_WARN__DUPLICATE_METHOD_MATCH = YES;
				COPY_PHASE_STRIP = NO;
				DEBUG_INFORMATION_FORMAT = dwarf;
				ENABLE_STRICT_OBJC_MSGSEND = YES;
				ENABLE_TESTABILITY = YES;
				GCC_C_LANGUAGE_STANDARD = gnu11;
				GCC_DYNAMIC_NO_PIC = NO;
				GCC_NO_COMMON_BLOCKS = YES;
				GCC_OPTIMIZATION_LEVEL = 0;
				GCC_PREPROCESSOR_DEFINITIONS = (
					"DEBUG=1",
					"$(inherited)",
				);
				GCC_WARN_64_TO_32_BIT_CONVERSION = YES;
				GCC_WARN_ABOUT_RETURN_TYPE = YES_ERROR;
				GCC_WARN_UNDECLARED_SELECTOR = YES;
				GCC_WARN_UNINITIALIZED_AUTOS = YES_AGGRESSIVE;
				GCC_WARN_UNUSED_FUNCTION = YES;
				GCC_WARN_UNUSED_VARIABLE = YES;
				IPHONEOS_DEPLOYMENT_TARGET = 14.3;
				MTL_ENABLE_DEBUG_INFO = INCLUDE_SOURCE;
				MTL_FAST_MATH = YES;
				ONLY_ACTIVE_ARCH = YES;
				SDKROOT = iphoneos;
				SWIFT_ACTIVE_COMPILATION_CONDITIONS = DEBUG;
				SWIFT_OPTIMIZATION_LEVEL = "-Onone";
			};
			name = Debug;
		};
		122066A425A758DB0096CAF4 /* Release */ = {
			isa = XCBuildConfiguration;
			buildSettings = {
				ALWAYS_SEARCH_USER_PATHS = NO;
				CLANG_ANALYZER_NONNULL = YES;
				CLANG_ANALYZER_NUMBER_OBJECT_CONVERSION = YES_AGGRESSIVE;
				CLANG_CXX_LANGUAGE_STANDARD = "gnu++14";
				CLANG_CXX_LIBRARY = "libc++";
				CLANG_ENABLE_MODULES = YES;
				CLANG_ENABLE_OBJC_ARC = YES;
				CLANG_ENABLE_OBJC_WEAK = YES;
				CLANG_WARN_BLOCK_CAPTURE_AUTORELEASING = YES;
				CLANG_WARN_BOOL_CONVERSION = YES;
				CLANG_WARN_COMMA = YES;
				CLANG_WARN_CONSTANT_CONVERSION = YES;
				CLANG_WARN_DEPRECATED_OBJC_IMPLEMENTATIONS = YES;
				CLANG_WARN_DIRECT_OBJC_ISA_USAGE = YES_ERROR;
				CLANG_WARN_DOCUMENTATION_COMMENTS = YES;
				CLANG_WARN_EMPTY_BODY = YES;
				CLANG_WARN_ENUM_CONVERSION = YES;
				CLANG_WARN_INFINITE_RECURSION = YES;
				CLANG_WARN_INT_CONVERSION = YES;
				CLANG_WARN_NON_LITERAL_NULL_CONVERSION = YES;
				CLANG_WARN_OBJC_IMPLICIT_RETAIN_SELF = YES;
				CLANG_WARN_OBJC_LITERAL_CONVERSION = YES;
				CLANG_WARN_OBJC_ROOT_CLASS = YES_ERROR;
				CLANG_WARN_QUOTED_INCLUDE_IN_FRAMEWORK_HEADER = YES;
				CLANG_WARN_RANGE_LOOP_ANALYSIS = YES;
				CLANG_WARN_STRICT_PROTOTYPES = YES;
				CLANG_WARN_SUSPICIOUS_MOVE = YES;
				CLANG_WARN_UNGUARDED_AVAILABILITY = YES_AGGRESSIVE;
				CLANG_WARN_UNREACHABLE_CODE = YES;
				CLANG_WARN__DUPLICATE_METHOD_MATCH = YES;
				COPY_PHASE_STRIP = NO;
				DEBUG_INFORMATION_FORMAT = "dwarf-with-dsym";
				ENABLE_NS_ASSERTIONS = NO;
				ENABLE_STRICT_OBJC_MSGSEND = YES;
				GCC_C_LANGUAGE_STANDARD = gnu11;
				GCC_NO_COMMON_BLOCKS = YES;
				GCC_WARN_64_TO_32_BIT_CONVERSION = YES;
				GCC_WARN_ABOUT_RETURN_TYPE = YES_ERROR;
				GCC_WARN_UNDECLARED_SELECTOR = YES;
				GCC_WARN_UNINITIALIZED_AUTOS = YES_AGGRESSIVE;
				GCC_WARN_UNUSED_FUNCTION = YES;
				GCC_WARN_UNUSED_VARIABLE = YES;
				IPHONEOS_DEPLOYMENT_TARGET = 14.3;
				MTL_ENABLE_DEBUG_INFO = NO;
				MTL_FAST_MATH = YES;
				SDKROOT = iphoneos;
				SWIFT_COMPILATION_MODE = wholemodule;
				SWIFT_OPTIMIZATION_LEVEL = "-O";
				VALIDATE_PRODUCT = YES;
			};
			name = Release;
		};
		122066A625A758DB0096CAF4 /* Debug */ = {
			isa = XCBuildConfiguration;
			buildSettings = {
				ASSETCATALOG_COMPILER_APPICON_NAME = AppIcon;
				ASSETCATALOG_COMPILER_GLOBAL_ACCENT_COLOR_NAME = AccentColor;
				CODE_SIGN_STYLE = Automatic;
				DEVELOPMENT_TEAM = 95M96Z9FUT;
				INFOPLIST_FILE = CAReplicatorLayerDemo/Info.plist;
				LD_RUNPATH_SEARCH_PATHS = (
					"$(inherited)",
					"@executable_path/Frameworks",
				);
				PRODUCT_BUNDLE_IDENTIFIER = com.artdevelop.CAReplicatorLayerDemo;
				PRODUCT_NAME = "$(TARGET_NAME)";
				SWIFT_VERSION = 5.0;
				TARGETED_DEVICE_FAMILY = "1,2";
			};
			name = Debug;
		};
		122066A725A758DB0096CAF4 /* Release */ = {
			isa = XCBuildConfiguration;
			buildSettings = {
				ASSETCATALOG_COMPILER_APPICON_NAME = AppIcon;
				ASSETCATALOG_COMPILER_GLOBAL_ACCENT_COLOR_NAME = AccentColor;
				CODE_SIGN_STYLE = Automatic;
				DEVELOPMENT_TEAM = 95M96Z9FUT;
				INFOPLIST_FILE = CAReplicatorLayerDemo/Info.plist;
				LD_RUNPATH_SEARCH_PATHS = (
					"$(inherited)",
					"@executable_path/Frameworks",
				);
				PRODUCT_BUNDLE_IDENTIFIER = com.artdevelop.CAReplicatorLayerDemo;
				PRODUCT_NAME = "$(TARGET_NAME)";
				SWIFT_VERSION = 5.0;
				TARGETED_DEVICE_FAMILY = "1,2";
			};
			name = Release;
		};
/* End XCBuildConfiguration section */

/* Begin XCConfigurationList section */
		1220668925A758D80096CAF4 /* Build configuration list for PBXProject "CAReplicatorLayerDemo" */ = {
			isa = XCConfigurationList;
			buildConfigurations = (
				122066A325A758DB0096CAF4 /* Debug */,
				122066A425A758DB0096CAF4 /* Release */,
			);
			defaultConfigurationIsVisible = 0;
			defaultConfigurationName = Release;
		};
		122066A525A758DB0096CAF4 /* Build configuration list for PBXNativeTarget "CAReplicatorLayerDemo" */ = {
			isa = XCConfigurationList;
			buildConfigurations = (
				122066A625A758DB0096CAF4 /* Debug */,
				122066A725A758DB0096CAF4 /* Release */,
			);
			defaultConfigurationIsVisible = 0;
			defaultConfigurationName = Release;
		};
/* End XCConfigurationList section */

/* Begin XCVersionGroup section */
		1220669A25A758D90096CAF4 /* CAReplicatorLayerDemo.xcdatamodeld */ = {
			isa = XCVersionGroup;
			children = (
				1220669B25A758D90096CAF4 /* CAReplicatorLayerDemo.xcdatamodel */,
			);
			currentVersion = 1220669B25A758D90096CAF4 /* CAReplicatorLayerDemo.xcdatamodel */;
			path = CAReplicatorLayerDemo.xcdatamodeld;
			sourceTree = "<group>";
			versionGroupType = wrapper.xcdatamodel;
		};
/* End XCVersionGroup section */
	};
	rootObject = 1220668625A758D80096CAF4 /* Project object */;
}
